# This file is autogenerated, do not edit; changes may be undone by the next 'dep ensure'.


[[projects]]
  branch = "master"
  digest = "1:221ebcdf3611c38e0382b7909f2758a2d3961ef01dd8e26349b364eaa702a2bf"
  name = "code.linksmart.eu/com/go-sec"
  packages = [
    "auth/keycloak/obtainer",
    "auth/keycloak/validator",
    "auth/obtainer",
    "auth/validator",
    "authz",
  ]
  pruneopts = ""
  revision = "6e8d0334a281ca5740559365469c2f587c75cbcd"

[[projects]]
  branch = "master"
  digest = "1:fa0efc94d47fe358d51d29f19a3befa2749dccc8faf4af8dfae6f5c046facc21"
  name = "code.linksmart.eu/sc/service-catalog"
  packages = [
    "catalog",
    "client",
    "utils",
  ]
  pruneopts = ""
  revision = "3b14858ab2b678bfc0e976ac8d7ce2f952ec5ed8"

[[projects]]
  branch = "master"
  digest = "1:5e64ef9b8070d0cc0edadc9f9ac235e5a24626e65246be3b53777ec29141702b"
  name = "github.com/ancientlore/go-avltree"
  packages = ["."]
  pruneopts = ""
  revision = "4ba4b949e04ae520ba87de82bb82d8f3a6be7e11"

[[projects]]
  branch = "master"
  digest = "1:6e28ccca521944c2b15ae847b60eeb714bea0b92b67bb6e58e0dd0e1b3d9de77"
  name = "github.com/cisco/senml"
  packages = ["."]
  pruneopts = ""
  revision = "910a55054e168c1122b905e3f8acdc5ff97cbec1"

[[projects]]
  digest = "1:80cf22cc45eb6fdfce2515a2401b04bffa2be83261577761ab788688dad699a1"
  name = "github.com/codegangsta/negroni"
  packages = ["."]
  pruneopts = ""
  revision = "fde5e16d32adc7ad637e9cd9ad21d4ebc6192535"
  version = "v0.2.0"

[[projects]]
  digest = "1:3e93e899f8457138a891b3ccedcacf8fe9074865c848f7028e1892bdae280676"
  name = "github.com/dgrijalva/jwt-go"
  packages = ["."]
  pruneopts = ""
  revision = "dbeaa9332f19a944acb5736b4456cfcc02140e29"
  version = "v3.1.0"

[[projects]]
  branch = "master"
  digest = "1:4ae0d1e8fb0d25c9e3a7485d7763ef38686db6ed417ead404b9c82e291fe696b"
  name = "github.com/eclipse/paho.mqtt.golang"
  packages = [
    ".",
    "packets",
  ]
  pruneopts = ""
  revision = "750c97f293745e8220737ef933da2ec829d2fddd"

[[projects]]
  branch = "master"
  digest = "1:5bfc9aceb6f2006a1aa350106a9a4e043e743b5b39bd239c0bc149fa5f29d65f"
  name = "github.com/farshidtz/elog"
  packages = ["."]
  pruneopts = ""
  revision = "122e062de95f1f03e80baa633e2e62e21bcc80c9"

[[projects]]
  digest = "1:0a3f6a0c68ab8f3d455f8892295503b179e571b7fefe47cc6c556405d1f83411"
  name = "github.com/gogo/protobuf"
  packages = ["proto"]
  pruneopts = ""
  revision = "1adfc126b41513cc696b209667c8656ea7aac67c"
  version = "v1.0.0"

[[projects]]
  branch = "master"
  digest = "1:09307dfb1aa3f49a2bf869dcfa4c6c06ecd3c207221bd1c1a1141f0e51f209eb"
  name = "github.com/golang/snappy"
  packages = ["."]
  pruneopts = ""
  revision = "553a641470496b2327abcac10b36396bd98e45c9"

[[projects]]
  digest = "1:20ed7daa9b3b38b6d1d39b48ab3fd31122be5419461470d0c28de3e121c93ecf"
  name = "github.com/gorilla/context"
  packages = ["."]
  pruneopts = ""
  revision = "1ea25387ff6f684839d82767c1733ff4d4d15d0a"
  version = "v1.1"

[[projects]]
  digest = "1:783fde5796ef54ba05de240f2529b6c9fbabc541e70ea43585c53b3f1bbabb5b"
  name = "github.com/gorilla/mux"
  packages = ["."]
  pruneopts = ""
  revision = "bcd8bc72b08df0f70df986b97f95590779502d31"
  version = "v1.4.0"

[[projects]]
  digest = "1:9608df178c925da0dc3e250e9aad7f2e83f81266b815e003f81ac6d135e09f8e"
  name = "github.com/influxdata/influxdb"
  packages = [
    "client/v2",
    "models",
    "pkg/escape",
  ]
  pruneopts = ""
  revision = "0c54d8fc744220b8dc70f2987e04e78fec951285"
  version = "v1.3.4"

[[projects]]
  branch = "master"
  digest = "1:56a7905949f4b05c849b78294ca8253893419781409827e0dfa4c6fb7e3418bb"
  name = "github.com/influxdata/influxql"
  packages = [
    ".",
    "internal",
  ]
  pruneopts = ""
  revision = "5e999e6a81820d4450f2a1f35c5597b569258f01"

[[projects]]
  digest = "1:51a94d9b97f7a88a0ab5b10ad965e506c48114ebe4445aa05b888632d89fde88"
  name = "github.com/justinas/alice"
  packages = ["."]
  pruneopts = ""
  revision = "052b8b6c18edb9db317af86806d8e00ebaa94160"
  version = "1.0.0"

[[projects]]
  digest = "1:63e142fc50307bcb3c57494913cfc9c12f6061160bdf97a678f78c71615f939b"
  name = "github.com/pborman/uuid"
  packages = ["."]
  pruneopts = ""
  revision = "e790cca94e6cc75c7064b1332e63811d4aae1a53"
  version = "v1.1"

[[projects]]
  digest = "1:6b55df4b0517a459af9d3879c99330af4367adcf45f3d0d37ded80a6272ae057"
  name = "github.com/satori/go.uuid"
  packages = ["."]
  pruneopts = ""
  revision = "879c5887cd475cd7864858769793b2ceb0d44feb"
  version = "v1.1.0"

[[projects]]
  branch = "master"
  digest = "1:7be251171c7dbde2244fff0ae93fe452d99e74c854ad3a4482417f39b242324b"
  name = "github.com/syndtr/goleveldb"
  packages = [
    "leveldb",
    "leveldb/cache",
    "leveldb/comparer",
    "leveldb/errors",
    "leveldb/filter",
    "leveldb/iterator",
    "leveldb/journal",
    "leveldb/memdb",
    "leveldb/opt",
    "leveldb/storage",
    "leveldb/table",
    "leveldb/util",
  ]
  pruneopts = ""
  revision = "b89cc31ef7977104127d34c1bd31ebd1a9db2199"

[[projects]]
  digest = "1:2e7f653483e51243b6cd6de60ce39bde0d6927d10a3c24295ab0f82cb1efeae2"
  name = "github.com/ugorji/go"
  packages = ["codec"]
  pruneopts = ""
  revision = "b4c50a2b199d93b13dc15e78929cfb23bfdf21ab"
  version = "v1.1.1"

[[projects]]
  branch = "master"
  digest = "1:6e4f9fe77e4f2311ceb7025fd5c5134c16f336a4d5009c20e676f859096a5c0c"
  name = "golang.org/x/net"
  packages = [
    "proxy",
    "websocket",
  ]
  pruneopts = ""
  revision = "57efc9c3d9f91fb3277f8da1cff370539c4d3dc5"

[solve-meta]
  analyzer-name = "dep"
  analyzer-version = 1
  input-imports = [
    "code.linksmart.eu/com/go-sec/auth/keycloak/obtainer",
    "code.linksmart.eu/com/go-sec/auth/keycloak/validator",
    "code.linksmart.eu/com/go-sec/auth/obtainer",
    "code.linksmart.eu/com/go-sec/auth/validator",
    "code.linksmart.eu/com/go-sec/authz",
    "code.linksmart.eu/sc/service-catalog/catalog",
    "code.linksmart.eu/sc/service-catalog/client",
    "code.linksmart.eu/sc/service-catalog/utils",
    "github.com/cisco/senml",
    "github.com/codegangsta/negroni",
    "github.com/eclipse/paho.mqtt.golang",
    "github.com/farshidtz/elog",
    "github.com/gorilla/context",
    "github.com/gorilla/mux",
    "github.com/influxdata/influxdb/client/v2",
    "github.com/influxdata/influxdb/models",
    "github.com/influxdata/influxql",
    "github.com/justinas/alice",
    "github.com/pborman/uuid",
    "github.com/satori/go.uuid",
    "github.com/syndtr/goleveldb/leveldb",
    "github.com/syndtr/goleveldb/leveldb/opt",
    "github.com/syndtr/goleveldb/leveldb/util",
  ]
  solver-name = "gps-cdcl"
  solver-version = 1
